{
  "requires": true,
  "lockfileVersion": 1,
  "dependencies": {
    "vuetify": {
      "version": "2.3.16",
      "resolved": "https://registry.npmjs.org/vuetify/-/vuetify-2.3.16.tgz",
      "integrity": "sha512-LHPqY+Gmyb/75xJscO0a3CuB4ZdpqHLNaGMAbmfTyapI8Q02+hjABEZzitFU/XObD2KhrNWPJzmGZPhbshGUzg=="
    }
  }
}
